// !$*UTF8*$!
{
	archiveVersion = 1;
	classes = {
	};
	objectVersion = 55;
	objects = {

/* Begin PBXBuildFile section */
		44FD660F29B68D140045632F /* AppDelegate.swift in Sources */ = {isa = PBXBuildFile; fileRef = 44FD660E29B68D140045632F /* AppDelegate.swift */; };
		44FD661129B68D140045632F /* SceneDelegate.swift in Sources */ = {isa = PBXBuildFile; fileRef = 44FD661029B68D140045632F /* SceneDelegate.swift */; };
		44FD661329B68D140045632F /* ViewController.swift in Sources */ = {isa = PBXBuildFile; fileRef = 44FD661229B68D140045632F /* ViewController.swift */; };
		44FD661629B68D140045632F /* Main.storyboard in Resources */ = {isa = PBXBuildFile; fileRef = 44FD661429B68D140045632F /* Main.storyboard */; };
		44FD661829B68D1C0045632F /* Assets.xcassets in Resources */ = {isa = PBXBuildFile; fileRef = 44FD661729B68D1C0045632F /* Assets.xcassets */; };
		44FD661B29B68D1C0045632F /* LaunchScreen.storyboard in Resources */ = {isa = PBXBuildFile; fileRef = 44FD661929B68D1C0045632F /* LaunchScreen.storyboard */; };
		44FD662629B68D1C0045632F /* Compound_Interest_CalculatorTests.swift in Sources */ = {isa = PBXBuildFile; fileRef = 44FD662529B68D1C0045632F /* Compound_Interest_CalculatorTests.swift */; };
		44FD663029B68D1C0045632F /* Compound_Interest_CalculatorUITests.swift in Sources */ = {isa = PBXBuildFile; fileRef = 44FD662F29B68D1C0045632F /* Compound_Interest_CalculatorUITests.swift */; };
		44FD663229B68D1C0045632F /* Compound_Interest_CalculatorUITestsLaunchTests.swift in Sources */ = {isa = PBXBuildFile; fileRef = 44FD663129B68D1C0045632F /* Compound_Interest_CalculatorUITestsLaunchTests.swift */; };
/* End PBXBuildFile section */

/* Begin PBXContainerItemProxy section */
		44FD662229B68D1C0045632F /* PBXContainerItemProxy */ = {
			isa = PBXContainerItemProxy;
			containerPortal = 44FD660329B68D140045632F /* Project object */;
			proxyType = 1;
			remoteGlobalIDString = 44FD660A29B68D140045632F;
			remoteInfo = "Compound Interest Calculator";
		};
		44FD662C29B68D1C0045632F /* PBXContainerItemProxy */ = {
			isa = PBXContainerItemProxy;
			containerPortal = 44FD660329B68D140045632F /* Project object */;
			proxyType = 1;
			remoteGlobalIDString = 44FD660A29B68D140045632F;
			remoteInfo = "Compound Interest Calculator";
		};
/* End PBXContainerItemProxy section */

/* Begin PBXFileReference section */
		44FD660B29B68D140045632F /* Compound Interest Calculator.app */ = {isa = PBXFileReference; explicitFileType = wrapper.application; includeInIndex = 0; path = "Compound Interest Calculator.app"; sourceTree = BUILT_PRODUCTS_DIR; };
		44FD660E29B68D140045632F /* AppDelegate.swift */ = {isa = PBXFileReference; lastKnownFileType = sourcecode.swift; path = AppDelegate.swift; sourceTree = "<group>"; };
		44FD661029B68D140045632F /* SceneDelegate.swift */ = {isa = PBXFileReference; lastKnownFileType = sourcecode.swift; path = SceneDelegate.swift; sourceTree = "<group>"; };
		44FD661229B68D140045632F /* ViewController.swift */ = {isa = PBXFileReference; lastKnownFileType = sourcecode.swift; path = ViewController.swift; sourceTree = "<group>"; };
		44FD661529B68D140045632F /* Base */ = {isa = PBXFileReference; lastKnownFileType = file.storyboard; name = Base; path = Base.lproj/Main.storyboard; sourceTree = "<group>"; };
		44FD661729B68D1C0045632F /* Assets.xcassets */ = {isa = PBXFileReference; lastKnownFileType = folder.assetcatalog; path = Assets.xcassets; sourceTree = "<group>"; };
		44FD661A29B68D1C0045632F /* Base */ = {isa = PBXFileReference; lastKnownFileType = file.storyboard; name = Base; path = Base.lproj/LaunchScreen.storyboard; sourceTree = "<group>"; };
		44FD661C29B68D1C0045632F /* Info.plist */ = {isa = PBXFileReference; lastKnownFileType = text.plist.xml; path = Info.plist; sourceTree = "<group>"; };
		44FD662129B68D1C0045632F /* Compound Interest CalculatorTests.xctest */ = {isa = PBXFileReference; explicitFileType = wrapper.cfbundle; includeInIndex = 0; path = "Compound Interest CalculatorTests.xctest"; sourceTree = BUILT_PRODUCTS_DIR; };
		44FD662529B68D1C0045632F /* Compound_Interest_CalculatorTests.swift */ = {isa = PBXFileReference; lastKnownFileType = sourcecode.swift; path = Compound_Interest_CalculatorTests.swift; sourceTree = "<group>"; };
		44FD662B29B68D1C0045632F /* Compound Interest CalculatorUITests.xctest */ = {isa = PBXFileReference; explicitFileType = wrapper.cfbundle; includeInIndex = 0; path = "Compound Interest CalculatorUITests.xctest"; sourceTree = BUILT_PRODUCTS_DIR; };
		44FD662F29B68D1C0045632F /* Compound_Interest_CalculatorUITests.swift */ = {isa = PBXFileReference; lastKnownFileType = sourcecode.swift; path = Compound_Interest_CalculatorUITests.swift; sourceTree = "<group>"; };
		44FD663129B68D1C0045632F /* Compound_Interest_CalculatorUITestsLaunchTests.swift */ = {isa = PBXFileReference; lastKnownFileType = sourcecode.swift; path = Compound_Interest_CalculatorUITestsLaunchTests.swift; sourceTree = "<group>"; };
/* End PBXFileReference section */

/* Begin PBXFrameworksBuildPhase section */
		44FD660829B68D140045632F /* Frameworks */ = {
			isa = PBXFrameworksBuildPhase;
			buildActionMask = 2147483647;
			files = (
			);
			runOnlyForDeploymentPostprocessing = 0;
		};
		44FD661E29B68D1C0045632F /* Frameworks */ = {
			isa = PBXFrameworksBuildPhase;
			buildActionMask = 2147483647;
			files = (
			);
			runOnlyForDeploymentPostprocessing = 0;
		};
		44FD662829B68D1C0045632F /* Frameworks */ = {
			isa = PBXFrameworksBuildPhase;
			buildActionMask = 2147483647;
			files = (
			);
			runOnlyForDeploymentPostprocessing = 0;
		};
/* End PBXFrameworksBuildPhase section */

/* Begin PBXGroup section */
		44FD660229B68D140045632F = {
			isa = PBXGroup;
			children = (
				44FD660D29B68D140045632F /* Compound Interest Calculator */,
				44FD662429B68D1C0045632F /* Compound Interest CalculatorTests */,
				44FD662E29B68D1C0045632F /* Compound Interest CalculatorUITests */,
				44FD660C29B68D140045632F /* Products */,
			);
			sourceTree = "<group>";
		};
		44FD660C29B68D140045632F /* Products */ = {
			isa = PBXGroup;
			children = (
				44FD660B29B68D140045632F /* Compound Interest Calculator.app */,
				44FD662129B68D1C0045632F /* Compound Interest CalculatorTests.xctest */,
				44FD662B29B68D1C0045632F /* Compound Interest CalculatorUITests.xctest */,
			);
			name = Products;
			sourceTree = "<group>";
		};
		44FD660D29B68D140045632F /* Compound Interest Calculator */ = {
			isa = PBXGroup;
			children = (
				44FD660E29B68D140045632F /* AppDelegate.swift */,
				44FD661029B68D140045632F /* SceneDelegate.swift */,
				44FD661229B68D140045632F /* ViewController.swift */,
				44FD661429B68D140045632F /* Main.storyboard */,
				44FD661729B68D1C0045632F /* Assets.xcassets */,
				44FD661929B68D1C0045632F /* LaunchScreen.storyboard */,
				44FD661C29B68D1C0045632F /* Info.plist */,
			);
			path = "Compound Interest Calculator";
			sourceTree = "<group>";
		};
		44FD662429B68D1C0045632F /* Compound Interest CalculatorTests */ = {
			isa = PBXGroup;
			children = (
				44FD662529B68D1C0045632F /* Compound_Interest_CalculatorTests.swift */,
			);
			path = "Compound Interest CalculatorTests";
			sourceTree = "<group>";
		};
		44FD662E29B68D1C0045632F /* Compound Interest CalculatorUITests */ = {
			isa = PBXGroup;
			children = (
				44FD662F29B68D1C0045632F /* Compound_Interest_CalculatorUITests.swift */,
				44FD663129B68D1C0045632F /* Compound_Interest_CalculatorUITestsLaunchTests.swift */,
			);
			path = "Compound Interest CalculatorUITests";
			sourceTree = "<group>";
		};
/* End PBXGroup section */

/* Begin PBXNativeTarget section */
		44FD660A29B68D140045632F /* Compound Interest Calculator */ = {
			isa = PBXNativeTarget;
			buildConfigurationList = 44FD663529B68D1C0045632F /* Build configuration list for PBXNativeTarget "Compound Interest Calculator" */;
			buildPhases = (
				44FD660729B68D140045632F /* Sources */,
				44FD660829B68D140045632F /* Frameworks */,
				44FD660929B68D140045632F /* Resources */,
			);
			buildRules = (
			);
			dependencies = (
			);
			name = "Compound Interest Calculator";
			productName = "Compound Interest Calculator";
			productReference = 44FD660B29B68D140045632F /* Compound Interest Calculator.app */;
			productType = "com.apple.product-type.application";
		};
		44FD662029B68D1C0045632F /* Compound Interest CalculatorTests */ = {
			isa = PBXNativeTarget;
			buildConfigurationList = 44FD663829B68D1C0045632F /* Build configuration list for PBXNativeTarget "Compound Interest CalculatorTests" */;
			buildPhases = (
				44FD661D29B68D1C0045632F /* Sources */,
				44FD661E29B68D1C0045632F /* Frameworks */,
				44FD661F29B68D1C0045632F /* Resources */,
			);
			buildRules = (
			);
			dependencies = (
				44FD662329B68D1C0045632F /* PBXTargetDependency */,
			);
			name = "Compound Interest CalculatorTests";
			productName = "Compound Interest CalculatorTests";
			productReference = 44FD662129B68D1C0045632F /* Compound Interest CalculatorTests.xctest */;
			productType = "com.apple.product-type.bundle.unit-test";
		};
		44FD662A29B68D1C0045632F /* Compound Interest CalculatorUITests */ = {
			isa = PBXNativeTarget;
			buildConfigurationList = 44FD663B29B68D1C0045632F /* Build configuration list for PBXNativeTarget "Compound Interest CalculatorUITests" */;
			buildPhases = (
				44FD662729B68D1C0045632F /* Sources */,
				44FD662829B68D1C0045632F /* Frameworks */,
				44FD662929B68D1C0045632F /* Resources */,
			);
			buildRules = (
			);
			dependencies = (
				44FD662D29B68D1C0045632F /* PBXTargetDependency */,
			);
			name = "Compound Interest CalculatorUITests";
			productName = "Compound Interest CalculatorUITests";
			productReference = 44FD662B29B68D1C0045632F /* Compound Interest CalculatorUITests.xctest */;
			productType = "com.apple.product-type.bundle.ui-testing";
		};
/* End PBXNativeTarget section */

/* Begin PBXProject section */
		44FD660329B68D140045632F /* Project object */ = {
			isa = PBXProject;
			attributes = {
				BuildIndependentTargetsInParallel = 1;
				LastSwiftUpdateCheck = 1320;
				LastUpgradeCheck = 1320;
				TargetAttributes = {
					44FD660A29B68D140045632F = {
						CreatedOnToolsVersion = 13.2;
					};
					44FD662029B68D1C0045632F = {
						CreatedOnToolsVersion = 13.2;
						TestTargetID = 44FD660A29B68D140045632F;
					};
					44FD662A29B68D1C0045632F = {
						CreatedOnToolsVersion = 13.2;
						TestTargetID = 44FD660A29B68D140045632F;
					};
				};
			};
			buildConfigurationList = 44FD660629B68D140045632F /* Build configuration list for PBXProject "Compound Interest Calculator" */;
			compatibilityVersion = "Xcode 13.0";
			developmentRegion = en;
			hasScannedForEncodings = 0;
			knownRegions = (
				en,
				Base,
			);
			mainGroup = 44FD660229B68D140045632F;
			productRefGroup = 44FD660C29B68D140045632F /* Products */;
			projectDirPath = "";
			projectRoot = "";
			targets = (
				44FD660A29B68D140045632F /* Compound Interest Calculator */,
				44FD662029B68D1C0045632F /* Compound Interest CalculatorTests */,
				44FD662A29B68D1C0045632F /* Compound Interest CalculatorUITests */,
			);
		};
/* End PBXProject section */

/* Begin PBXResourcesBuildPhase section */
		44FD660929B68D140045632F /* Resources */ = {
			isa = PBXResourcesBuildPhase;
			buildActionMask = 2147483647;
			files = (
				44FD661B29B68D1C0045632F /* LaunchScreen.storyboard in Resources */,
				44FD661829B68D1C0045632F /* Assets.xcassets in Resources */,
				44FD661629B68D140045632F /* Main.storyboard in Resources */,
			);
			runOnlyForDeploymentPostprocessing = 0;
		};
		44FD661F29B68D1C0045632F /* Resources */ = {
			isa = PBXResourcesBuildPhase;
			buildActionMask = 2147483647;
			files = (
			);
			runOnlyForDeploymentPostprocessing = 0;
		};
		44FD662929B68D1C0045632F /* Resources */ = {
			isa = PBXResourcesBuildPhase;
			buildActionMask = 2147483647;
			files = (
			);
			runOnlyForDeploymentPostprocessing = 0;
		};
/* End PBXResourcesBuildPhase section */

/* Begin PBXSourcesBuildPhase section */
		44FD660729B68D140045632F /* Sources */ = {
			isa = PBXSourcesBuildPhase;
			buildActionMask = 2147483647;
			files = (
				44FD661329B68D140045632F /* ViewController.swift in Sources */,
				44FD660F29B68D140045632F /* AppDelegate.swift in Sources */,
				44FD661129B68D140045632F /* SceneDelegate.swift in Sources */,
			);
			runOnlyForDeploymentPostprocessing = 0;
		};
		44FD661D29B68D1C0045632F /* Sources */ = {
			isa = PBXSourcesBuildPhase;
			buildActionMask = 2147483647;
			files = (
				44FD662629B68D1C0045632F /* Compound_Interest_CalculatorTests.swift in Sources */,
			);
			runOnlyForDeploymentPostprocessing = 0;
		};
		44FD662729B68D1C0045632F /* Sources */ = {
			isa = PBXSourcesBuildPhase;
			buildActionMask = 2147483647;
			files = (
				44FD663029B68D1C0045632F /* Compound_Interest_CalculatorUITests.swift in Sources */,
				44FD663229B68D1C0045632F /* Compound_Interest_CalculatorUITestsLaunchTests.swift in Sources */,
			);
			runOnlyForDeploymentPostprocessing = 0;
		};
/* End PBXSourcesBuildPhase section */

/* Begin PBXTargetDependency section */
		44FD662329B68D1C0045632F /* PBXTargetDependency */ = {
			isa = PBXTargetDependency;
			target = 44FD660A29B68D140045632F /* Compound Interest Calculator */;
			targetProxy = 44FD662229B68D1C0045632F /* PBXContainerItemProxy */;
		};
		44FD662D29B68D1C0045632F /* PBXTargetDependency */ = {
			isa = PBXTargetDependency;
			target = 44FD660A29B68D140045632F /* Compound Interest Calculator */;
			targetProxy = 44FD662C29B68D1C0045632F /* PBXContainerItemProxy */;
		};
/* End PBXTargetDependency section */

/* Begin PBXVariantGroup section */
		44FD661429B68D140045632F /* Main.storyboard */ = {
			isa = PBXVariantGroup;
			children = (
				44FD661529B68D140045632F /* Base */,
			);
			name = Main.storyboard;
			sourceTree = "<group>";
		};
		44FD661929B68D1C0045632F /* LaunchScreen.storyboard */ = {
			isa = PBXVariantGroup;
			children = (
				44FD661A29B68D1C0045632F /* Base */,
			);
			name = LaunchScreen.storyboard;
			sourceTree = "<group>";
		};
/* End PBXVariantGroup section */

/* Begin XCBuildConfiguration section */
		44FD663329B68D1C0045632F /* Debug */ = {
			isa = XCBuildConfiguration;
			buildSettings = {
				ALWAYS_SEARCH_USER_PATHS = NO;
				CLANG_ANALYZER_NONNULL = YES;
				CLANG_ANALYZER_NUMBER_OBJECT_CONVERSION = YES_AGGRESSIVE;
				CLANG_CXX_LANGUAGE_STANDARD = "gnu++17";
				CLANG_CXX_LIBRARY = "libc++";
				CLANG_ENABLE_MODULES = YES;
				CLANG_ENABLE_OBJC_ARC = YES;
				CLANG_ENABLE_OBJC_WEAK = YES;
				CLANG_WARN_BLOCK_CAPTURE_AUTORELEASING = YES;
				CLANG_WARN_BOOL_CONVERSION = YES;
				CLANG_WARN_COMMA = YES;
				CLANG_WARN_CONSTANT_CONVERSION = YES;
				CLANG_WARN_DEPRECATED_OBJC_IMPLEMENTATIONS = YES;
				CLANG_WARN_DIRECT_OBJC_ISA_USAGE = YES_ERROR;
				CLANG_WARN_DOCUMENTATION_COMMENTS = YES;
				CLANG_WARN_EMPTY_BODY = YES;
				CLANG_WARN_ENUM_CONVERSION = YES;
				CLANG_WARN_INFINITE_RECURSION = YES;
				CLANG_WARN_INT_CONVERSION = YES;
				CLANG_WARN_NON_LITERAL_NULL_CONVERSION = YES;
				CLANG_WARN_OBJC_IMPLICIT_RETAIN_SELF = YES;
				CLANG_WARN_OBJC_LITERAL_CONVERSION = YES;
				CLANG_WARN_OBJC_ROOT_CLASS = YES_ERROR;
				CLANG_WARN_QUOTED_INCLUDE_IN_FRAMEWORK_HEADER = YES;
				CLANG_WARN_RANGE_LOOP_ANALYSIS = YES;
				CLANG_WARN_STRICT_PROTOTYPES = YES;
				CLANG_WARN_SUSPICIOUS_MOVE = YES;
				CLANG_WARN_UNGUARDED_AVAILABILITY = YES_AGGRESSIVE;
				CLANG_WARN_UNREACHABLE_CODE = YES;
				CLANG_WARN__DUPLICATE_METHOD_MATCH = YES;
				COPY_PHASE_STRIP = NO;
				DEBUG_INFORMATION_FORMAT = dwarf;
				ENABLE_STRICT_OBJC_MSGSEND = YES;
				ENABLE_TESTABILITY = YES;
				GCC_C_LANGUAGE_STANDARD = gnu11;
				GCC_DYNAMIC_NO_PIC = NO;
				GCC_NO_COMMON_BLOCKS = YES;
				GCC_OPTIMIZATION_LEVEL = 0;
				GCC_PREPROCESSOR_DEFINITIONS = (
					"DEBUG=1",
					"$(inherited)",
				);
				GCC_WARN_64_TO_32_BIT_CONVERSION = YES;
				GCC_WARN_ABOUT_RETURN_TYPE = YES_ERROR;
				GCC_WARN_UNDECLARED_SELECTOR = YES;
				GCC_WARN_UNINITIALIZED_AUTOS = YES_AGGRESSIVE;
				GCC_WARN_UNUSED_FUNCTION = YES;
				GCC_WARN_UNUSED_VARIABLE = YES;
				IPHONEOS_DEPLOYMENT_TARGET = 15.2;
				MTL_ENABLE_DEBUG_INFO = INCLUDE_SOURCE;
				MTL_FAST_MATH = YES;
				ONLY_ACTIVE_ARCH = YES;
				SDKROOT = iphoneos;
				SWIFT_ACTIVE_COMPILATION_CONDITIONS = DEBUG;
				SWIFT_OPTIMIZATION_LEVEL = "-Onone";
			};
			name = Debug;
		};
		44FD663429B68D1C0045632F /* Release */ = {
			isa = XCBuildConfiguration;
			buildSettings = {
				ALWAYS_SEARCH_USER_PATHS = NO;
				CLANG_ANALYZER_NONNULL = YES;
				CLANG_ANALYZER_NUMBER_OBJECT_CONVERSION = YES_AGGRESSIVE;
				CLANG_CXX_LANGUAGE_STANDARD = "gnu++17";
				CLANG_CXX_LIBRARY = "libc++";
				CLANG_ENABLE_MODULES = YES;
				CLANG_ENABLE_OBJC_ARC = YES;
				CLANG_ENABLE_OBJC_WEAK = YES;
				CLANG_WARN_BLOCK_CAPTURE_AUTORELEASING = YES;
				CLANG_WARN_BOOL_CONVERSION = YES;
				CLANG_WARN_COMMA = YES;
				CLANG_WARN_CONSTANT_CONVERSION = YES;
				CLANG_WARN_DEPRECATED_OBJC_IMPLEMENTATIONS = YES;
				CLANG_WARN_DIRECT_OBJC_ISA_USAGE = YES_ERROR;
				CLANG_WARN_DOCUMENTATION_COMMENTS = YES;
				CLANG_WARN_EMPTY_BODY = YES;
				CLANG_WARN_ENUM_CONVERSION = YES;
				CLANG_WARN_INFINITE_RECURSION = YES;
				CLANG_WARN_INT_CONVERSION = YES;
				CLANG_WARN_NON_LITERAL_NULL_CONVERSION = YES;
				CLANG_WARN_OBJC_IMPLICIT_RETAIN_SELF = YES;
				CLANG_WARN_OBJC_LITERAL_CONVERSION = YES;
				CLANG_WARN_OBJC_ROOT_CLASS = YES_ERROR;
				CLANG_WARN_QUOTED_INCLUDE_IN_FRAMEWORK_HEADER = YES;
				CLANG_WARN_RANGE_LOOP_ANALYSIS = YES;
				CLANG_WARN_STRICT_PROTOTYPES = YES;
				CLANG_WARN_SUSPICIOUS_MOVE = YES;
				CLANG_WARN_UNGUARDED_AVAILABILITY = YES_AGGRESSIVE;
				CLANG_WARN_UNREACHABLE_CODE = YES;
				CLANG_WARN__DUPLICATE_METHOD_MATCH = YES;
				COPY_PHASE_STRIP = NO;
				DEBUG_INFORMATION_FORMAT = "dwarf-with-dsym";
				ENABLE_NS_ASSERTIONS = NO;
				ENABLE_STRICT_OBJC_MSGSEND = YES;
				GCC_C_LANGUAGE_STANDARD = gnu11;
				GCC_NO_COMMON_BLOCKS = YES;
				GCC_WARN_64_TO_32_BIT_CONVERSION = YES;
				GCC_WARN_ABOUT_RETURN_TYPE = YES_ERROR;
				GCC_WARN_UNDECLARED_SELECTOR = YES;
				GCC_WARN_UNINITIALIZED_AUTOS = YES_AGGRESSIVE;
				GCC_WARN_UNUSED_FUNCTION = YES;
				GCC_WARN_UNUSED_VARIABLE = YES;
				IPHONEOS_DEPLOYMENT_TARGET = 15.2;
				MTL_ENABLE_DEBUG_INFO = NO;
				MTL_FAST_MATH = YES;
				SDKROOT = iphoneos;
				SWIFT_COMPILATION_MODE = wholemodule;
				SWIFT_OPTIMIZATION_LEVEL = "-O";
				VALIDATE_PRODUCT = YES;
			};
			name = Release;
		};
		44FD663629B68D1C0045632F /* Debug */ = {
			isa = XCBuildConfiguration;
			buildSettings = {
				ASSETCATALOG_COMPILER_APPICON_NAME = AppIcon;
				ASSETCATALOG_COMPILER_GLOBAL_ACCENT_COLOR_NAME = AccentColor;
				CODE_SIGN_STYLE = Automatic;
				CURRENT_PROJECT_VERSION = 1;
				GENERATE_INFOPLIST_FILE = YES;
				INFOPLIST_FILE = "Compound Interest Calculator/Info.plist";
				INFOPLIST_KEY_UIApplicationSupportsIndirectInputEvents = YES;
				INFOPLIST_KEY_UILaunchStoryboardName = LaunchScreen;
				INFOPLIST_KEY_UIMainStoryboardFile = Main;
				INFOPLIST_KEY_UISupportedInterfaceOrientations_iPad = "UIInterfaceOrientationPortrait UIInterfaceOrientationPortraitUpsideDown UIInterfaceOrientationLandscapeLeft UIInterfaceOrientationLandscapeRight";
				INFOPLIST_KEY_UISupportedInterfaceOrientations_iPhone = "UIInterfaceOrientationPortrait UIInterfaceOrientationLandscapeLeft UIInterfaceOrientationLandscapeRight";
				LD_RUNPATH_SEARCH_PATHS = (
					"$(inherited)",
					"@executable_path/Frameworks",
				);
				MARKETING_VERSION = 1.0;
				PRODUCT_BUNDLE_IDENTIFIER = "johann.Compound-Interest-Calculator";
				PRODUCT_NAME = "$(TARGET_NAME)";
				SWIFT_EMIT_LOC_STRINGS = YES;
				SWIFT_VERSION = 5.0;
				TARGETED_DEVICE_FAMILY = "1,2";
			};
			name = Debug;
		};
		44FD663729B68D1C0045632F /* Release */ = {
			isa = XCBuildConfiguration;
			buildSettings = {
				ASSETCATALOG_COMPILER_APPICON_NAME = AppIcon;
				ASSETCATALOG_COMPILER_GLOBAL_ACCENT_COLOR_NAME = AccentColor;
				CODE_SIGN_STYLE = Automatic;
				CURRENT_PROJECT_VERSION = 1;
				GENERATE_INFOPLIST_FILE = YES;
				INFOPLIST_FILE = "Compound Interest Calculator/Info.plist";
				INFOPLIST_KEY_UIApplicationSupportsIndirectInputEvents = YES;
				INFOPLIST_KEY_UILaunchStoryboardName = LaunchScreen;
				INFOPLIST_KEY_UIMainStoryboardFile = Main;
				INFOPLIST_KEY_UISupportedInterfaceOrientations_iPad = "UIInterfaceOrientationPortrait UIInterfaceOrientationPortraitUpsideDown UIInterfaceOrientationLandscapeLeft UIInterfaceOrientationLandscapeRight";
				INFOPLIST_KEY_UISupportedInterfaceOrientations_iPhone = "UIInterfaceOrientationPortrait UIInterfaceOrientationLandscapeLeft UIInterfaceOrientationLandscapeRight";
				LD_RUNPATH_SEARCH_PATHS = (
					"$(inherited)",
					"@executable_path/Frameworks",
				);
				MARKETING_VERSION = 1.0;
				PRODUCT_BUNDLE_IDENTIFIER = "johann.Compound-Interest-Calculator";
				PRODUCT_NAME = "$(TARGET_NAME)";
				SWIFT_EMIT_LOC_STRINGS = YES;
				SWIFT_VERSION = 5.0;
				TARGETED_DEVICE_FAMILY = "1,2";
			};
			name = Release;
		};
		44FD663929B68D1C0045632F /* Debug */ = {
			isa = XCBuildConfiguration;
			buildSettings = {
				ALWAYS_EMBED_SWIFT_STANDARD_LIBRARIES = YES;
				BUNDLE_LOADER = "$(TEST_HOST)";
				CODE_SIGN_STYLE = Automatic;
				CURRENT_PROJECT_VERSION = 1;
				GENERATE_INFOPLIST_FILE = YES;
				IPHONEOS_DEPLOYMENT_TARGET = 15.2;
				MARKETING_VERSION = 1.0;
				PRODUCT_BUNDLE_IDENTIFIER = "johann.Compound-Interest-CalculatorTests";
				PRODUCT_NAME = "$(TARGET_NAME)";
				SWIFT_EMIT_LOC_STRINGS = NO;
				SWIFT_VERSION = 5.0;
				TARGETED_DEVICE_FAMILY = "1,2";
				TEST_HOST = "$(BUILT_PRODUCTS_DIR)/Compound Interest Calculator.app/Compound Interest Calculator";
			};
			name = Debug;
		};
		44FD663A29B68D1C0045632F /* Release */ = {
			isa = XCBuildConfiguration;
			buildSettings = {
				ALWAYS_EMBED_SWIFT_STANDARD_LIBRARIES = YES;
				BUNDLE_LOADER = "$(TEST_HOST)";
				CODE_SIGN_STYLE = Automatic;
				CURRENT_PROJECT_VERSION = 1;
				GENERATE_INFOPLIST_FILE = YES;
				IPHONEOS_DEPLOYMENT_TARGET = 15.2;
				MARKETING_VERSION = 1.0;
				PRODUCT_BUNDLE_IDENTIFIER = "johann.Compound-Interest-CalculatorTests";
				PRODUCT_NAME = "$(TARGET_NAME)";
				SWIFT_EMIT_LOC_STRINGS = NO;
				SWIFT_VERSION = 5.0;
				TARGETED_DEVICE_FAMILY = "1,2";
				TEST_HOST = "$(BUILT_PRODUCTS_DIR)/Compound Interest Calculator.app/Compound Interest Calculator";
			};
			name = Release;
		};
		44FD663C29B68D1C0045632F /* Debug */ = {
			isa = XCBuildConfiguration;
			buildSettings = {
				ALWAYS_EMBED_SWIFT_STANDARD_LIBRARIES = YES;
				CODE_SIGN_STYLE = Automatic;
				CURRENT_PROJECT_VERSION = 1;
				GENERATE_INFOPLIST_FILE = YES;
				MARKETING_VERSION = 1.0;
				PRODUCT_BUNDLE_IDENTIFIER = "johann.Compound-Interest-CalculatorUITests";
				PRODUCT_NAME = "$(TARGET_NAME)";
				SWIFT_EMIT_LOC_STRINGS = NO;
				SWIFT_VERSION = 5.0;
				TARGETED_DEVICE_FAMILY = "1,2";
				TEST_TARGET_NAME = "Compound Interest Calculator";
			};
			name = Debug;
		};
		44FD663D29B68D1C0045632F /* Release */ = {
			isa = XCBuildConfiguration;
			buildSettings = {
				ALWAYS_EMBED_SWIFT_STANDARD_LIBRARIES = YES;
				CODE_SIGN_STYLE = Automatic;
				CURRENT_PROJECT_VERSION = 1;
				GENERATE_INFOPLIST_FILE = YES;
				MARKETING_VERSION = 1.0;
				PRODUCT_BUNDLE_IDENTIFIER = "johann.Compound-Interest-CalculatorUITests";
				PRODUCT_NAME = "$(TARGET_NAME)";
				SWIFT_EMIT_LOC_STRINGS = NO;
				SWIFT_VERSION = 5.0;
				TARGETED_DEVICE_FAMILY = "1,2";
				TEST_TARGET_NAME = "Compound Interest Calculator";
			};
			name = Release;
		};
/* End XCBuildConfiguration section */

/* Begin XCConfigurationList section */
		44FD660629B68D140045632F /* Build configuration list for PBXProject "Compound Interest Calculator" */ = {
			isa = XCConfigurationList;
			buildConfigurations = (
				44FD663329B68D1C0045632F /* Debug */,
				44FD663429B68D1C0045632F /* Release */,
			);
			defaultConfigurationIsVisible = 0;
			defaultConfigurationName = Release;
		};
		44FD663529B68D1C0045632F /* Build configuration list for PBXNativeTarget "Compound Interest Calculator" */ = {
			isa = XCConfigurationList;
			buildConfigurations = (
				44FD663629B68D1C0045632F /* Debug */,
				44FD663729B68D1C0045632F /* Release */,
			);
			defaultConfigurationIsVisible = 0;
			defaultConfigurationName = Release;
		};
		44FD663829B68D1C0045632F /* Build configuration list for PBXNativeTarget "Compound Interest CalculatorTests" */ = {
			isa = XCConfigurationList;
			buildConfigurations = (
				44FD663929B68D1C0045632F /* Debug */,
				44FD663A29B68D1C0045632F /* Release */,
			);
			defaultConfigurationIsVisible = 0;
			defaultConfigurationName = Release;
		};
		44FD663B29B68D1C0045632F /* Build configuration list for PBXNativeTarget "Compound Interest CalculatorUITests" */ = {
			isa = XCConfigurationList;
			buildConfigurations = (
				44FD663C29B68D1C0045632F /* Debug */,
				44FD663D29B68D1C0045632F /* Release */,
			);
			defaultConfigurationIsVisible = 0;
			defaultConfigurationName = Release;
		};
/* End XCConfigurationList section */
	};
	rootObject = 44FD660329B68D140045632F /* Project object */;
}
